
Microsoft Visual Studio Solution File, Format Version 12.00
# Visual Studio Version 17
VisualStudioVersion = 17.10.35013.160
MinimumVisualStudioVersion = 10.0.40219.1
Project("{FAE04EC0-301F-11D3-BF4B-00C04F79EFBC}") = "FilmesApi", "FilmesApi\FilmesApi.csproj", "{C6914923-1393-410F-8FAF-287246B3094D}"
EndProject
Global
	GlobalSection(SolutionConfigurationPlatforms) = preSolution
		Debug|Any CPU = Debug|Any CPU
		Release|Any CPU = Release|Any CPU
	EndGlobalSection
	GlobalSection(ProjectConfigurationPlatforms) = postSolution
		{C6914923-1393-410F-8FAF-287246B3094D}.Debug|Any CPU.ActiveCfg = Debug|Any CPU
		{C6914923-1393-410F-8FAF-287246B3094D}.Debug|Any CPU.Build.0 = Debug|Any CPU
		{C6914923-1393-410F-8FAF-287246B3094D}.Release|Any CPU.ActiveCfg = Release|Any CPU
		{C6914923-1393-410F-8FAF-287246B3094D}.Release|Any CPU.Build.0 = Release|Any CPU
	EndGlobalSection
	GlobalSection(SolutionProperties) = preSolution
		HideSolutionNode = FALSE
	EndGlobalSection
	GlobalSection(ExtensibilityGlobals) = postSolution
		SolutionGuid = {92A65F28-A4B6-4C52-B52E-4436DA8587DD}
	EndGlobalSection
EndGlobal
